
Microsoft Visual Studio Solution File, Format Version 12.00
# Visual Studio Version 17
VisualStudioVersion = 17.9.34607.119
MinimumVisualStudioVersion = 10.0.40219.1
Project("{FAE04EC0-301F-11D3-BF4B-00C04F79EFBC}") = "ConsoleAppForTesting", "ConsoleAppForTesting\ConsoleAppForTesting.csproj", "{2A0E935F-41D8-4AFC-BA82-507E88E3C637}"
EndProject
Project("{FAE04EC0-301F-11D3-BF4B-00C04F79EFBC}") = "TestingTheLoyaltyProgram", "TestingTheLoyaltyProgram\TestingTheLoyaltyProgram.csproj", "{C2A60482-8366-4D27-A9A3-7F5852BA0C4D}"
EndProject
Global
	GlobalSection(SolutionConfigurationPlatforms) = preSolution
		Debug|Any CPU = Debug|Any CPU
		Release|Any CPU = Release|Any CPU
	EndGlobalSection
	GlobalSection(ProjectConfigurationPlatforms) = postSolution
		{2A0E935F-41D8-4AFC-BA82-507E88E3C637}.Debug|Any CPU.ActiveCfg = Debug|Any CPU
		{2A0E935F-41D8-4AFC-BA82-507E88E3C637}.Debug|Any CPU.Build.0 = Debug|Any CPU
		{2A0E935F-41D8-4AFC-BA82-507E88E3C637}.Release|Any CPU.ActiveCfg = Release|Any CPU
		{2A0E935F-41D8-4AFC-BA82-507E88E3C637}.Release|Any CPU.Build.0 = Release|Any CPU
		{C2A60482-8366-4D27-A9A3-7F5852BA0C4D}.Debug|Any CPU.ActiveCfg = Debug|Any CPU
		{C2A60482-8366-4D27-A9A3-7F5852BA0C4D}.Debug|Any CPU.Build.0 = Debug|Any CPU
		{C2A60482-8366-4D27-A9A3-7F5852BA0C4D}.Release|Any CPU.ActiveCfg = Release|Any CPU
		{C2A60482-8366-4D27-A9A3-7F5852BA0C4D}.Release|Any CPU.Build.0 = Release|Any CPU
	EndGlobalSection
	GlobalSection(SolutionProperties) = preSolution
		HideSolutionNode = FALSE
	EndGlobalSection
	GlobalSection(ExtensibilityGlobals) = postSolution
		SolutionGuid = {FA844D22-1DC4-44F9-B92F-E7EF090836CF}
	EndGlobalSection
EndGlobal
