
Microsoft Visual Studio Solution File, Format Version 12.00
# Visual Studio Version 17
VisualStudioVersion = 17.8.34309.116
MinimumVisualStudioVersion = 10.0.40219.1
Project("{FAE04EC0-301F-11D3-BF4B-00C04F79EFBC}") = "Лаба_09_WindowsForms", "Лаба_09_WindowsForms.csproj", "{686320D0-23DB-4370-8B06-5295120ECD9A}"
EndProject
Global
	GlobalSection(SolutionConfigurationPlatforms) = preSolution
		Debug|Any CPU = Debug|Any CPU
		Release|Any CPU = Release|Any CPU
	EndGlobalSection
	GlobalSection(ProjectConfigurationPlatforms) = postSolution
		{686320D0-23DB-4370-8B06-5295120ECD9A}.Debug|Any CPU.ActiveCfg = Debug|Any CPU
		{686320D0-23DB-4370-8B06-5295120ECD9A}.Debug|Any CPU.Build.0 = Debug|Any CPU
		{686320D0-23DB-4370-8B06-5295120ECD9A}.Release|Any CPU.ActiveCfg = Release|Any CPU
		{686320D0-23DB-4370-8B06-5295120ECD9A}.Release|Any CPU.Build.0 = Release|Any CPU
	EndGlobalSection
	GlobalSection(SolutionProperties) = preSolution
		HideSolutionNode = FALSE
	EndGlobalSection
	GlobalSection(ExtensibilityGlobals) = postSolution
		SolutionGuid = {984D9962-CF70-456A-8E82-1D43548C5BE7}
	EndGlobalSection
EndGlobal
