
Microsoft Visual Studio Solution File, Format Version 12.00
# Visual Studio Version 17
VisualStudioVersion = 17.8.34309.116
MinimumVisualStudioVersion = 10.0.40219.1
Project("{FAE04EC0-301F-11D3-BF4B-00C04F79EFBC}") = "Лаба_09_Библиотека", "Лаба_09_Библиотека.csproj", "{08857328-2E6F-4721-8058-FB7F1CF4BD0D}"
EndProject
Global
	GlobalSection(SolutionConfigurationPlatforms) = preSolution
		Debug|Any CPU = Debug|Any CPU
		Release|Any CPU = Release|Any CPU
	EndGlobalSection
	GlobalSection(ProjectConfigurationPlatforms) = postSolution
		{08857328-2E6F-4721-8058-FB7F1CF4BD0D}.Debug|Any CPU.ActiveCfg = Debug|Any CPU
		{08857328-2E6F-4721-8058-FB7F1CF4BD0D}.Debug|Any CPU.Build.0 = Debug|Any CPU
		{08857328-2E6F-4721-8058-FB7F1CF4BD0D}.Release|Any CPU.ActiveCfg = Release|Any CPU
		{08857328-2E6F-4721-8058-FB7F1CF4BD0D}.Release|Any CPU.Build.0 = Release|Any CPU
	EndGlobalSection
	GlobalSection(SolutionProperties) = preSolution
		HideSolutionNode = FALSE
	EndGlobalSection
	GlobalSection(ExtensibilityGlobals) = postSolution
		SolutionGuid = {EA3899D1-8752-4E43-AC19-15BBB7343350}
	EndGlobalSection
EndGlobal
